
Microsoft Visual Studio Solution File, Format Version 12.00
# Visual Studio Version 17
VisualStudioVersion = 17.1.32210.238
MinimumVisualStudioVersion = 10.0.40219.1
Project("{FAE04EC0-301F-11D3-BF4B-00C04F79EFBC}") = "uc6", "uc6.csproj", "{8E3BDC2A-9497-48F1-A6FA-20F6497E4E41}"
EndProject
Global
	GlobalSection(SolutionConfigurationPlatforms) = preSolution
		Debug|Any CPU = Debug|Any CPU
		Release|Any CPU = Release|Any CPU
	EndGlobalSection
	GlobalSection(ProjectConfigurationPlatforms) = postSolution
		{8E3BDC2A-9497-48F1-A6FA-20F6497E4E41}.Debug|Any CPU.ActiveCfg = Debug|Any CPU
		{8E3BDC2A-9497-48F1-A6FA-20F6497E4E41}.Debug|Any CPU.Build.0 = Debug|Any CPU
		{8E3BDC2A-9497-48F1-A6FA-20F6497E4E41}.Release|Any CPU.ActiveCfg = Release|Any CPU
		{8E3BDC2A-9497-48F1-A6FA-20F6497E4E41}.Release|Any CPU.Build.0 = Release|Any CPU
	EndGlobalSection
	GlobalSection(SolutionProperties) = preSolution
		HideSolutionNode = FALSE
	EndGlobalSection
	GlobalSection(ExtensibilityGlobals) = postSolution
		SolutionGuid = {BD6377B1-A4C5-4A71-9A9E-7291CF7E7831}
	EndGlobalSection
EndGlobal
