
Microsoft Visual Studio Solution File, Format Version 12.00
# Visual Studio Version 17
VisualStudioVersion = 17.1.32210.238
MinimumVisualStudioVersion = 10.0.40219.1
Project("{FAE04EC0-301F-11D3-BF4B-00C04F79EFBC}") = "uc5", "uc5.csproj", "{A1373F92-998B-4FF7-9F2B-B8B3B03F2984}"
EndProject
Global
	GlobalSection(SolutionConfigurationPlatforms) = preSolution
		Debug|Any CPU = Debug|Any CPU
		Release|Any CPU = Release|Any CPU
	EndGlobalSection
	GlobalSection(ProjectConfigurationPlatforms) = postSolution
		{A1373F92-998B-4FF7-9F2B-B8B3B03F2984}.Debug|Any CPU.ActiveCfg = Debug|Any CPU
		{A1373F92-998B-4FF7-9F2B-B8B3B03F2984}.Debug|Any CPU.Build.0 = Debug|Any CPU
		{A1373F92-998B-4FF7-9F2B-B8B3B03F2984}.Release|Any CPU.ActiveCfg = Release|Any CPU
		{A1373F92-998B-4FF7-9F2B-B8B3B03F2984}.Release|Any CPU.Build.0 = Release|Any CPU
	EndGlobalSection
	GlobalSection(SolutionProperties) = preSolution
		HideSolutionNode = FALSE
	EndGlobalSection
	GlobalSection(ExtensibilityGlobals) = postSolution
		SolutionGuid = {92B2C5E6-2E5D-4E9A-ADE9-19EF2FE1E985}
	EndGlobalSection
EndGlobal
